{
  "requires": true,
  "lockfileVersion": 1,
  "dependencies": {
    "dov-http-mini": {
      "version": "0.1.4",
      "resolved": "https://registry.npmmirror.com/dov-http-mini/-/dov-http-mini-0.1.4.tgz",
      "integrity": "sha512-1D60Ngel0ZIu761rJUo6ovWSRLnR979d6Z8uCb10AygWWcr/1MHnbmvDHLPMx3nljE0F/Ebmmin56Em0XvD5NQ=="
    }
  }
}
